
Microsoft Visual Studio Solution File, Format Version 12.00
# Visual Studio Version 17
VisualStudioVersion = 17.6.33815.320
MinimumVisualStudioVersion = 10.0.40219.1
Project("{FAE04EC0-301F-11D3-BF4B-00C04F79EFBC}") = "MyApp", "MyApp.csproj", "{60713639-ECDE-4B65-8922-DBA50A3A755F}"
EndProject
Global
	GlobalSection(SolutionConfigurationPlatforms) = preSolution
		Debug|Any CPU = Debug|Any CPU
		Release|Any CPU = Release|Any CPU
	EndGlobalSection
	GlobalSection(ProjectConfigurationPlatforms) = postSolution
		{60713639-ECDE-4B65-8922-DBA50A3A755F}.Debug|Any CPU.ActiveCfg = Debug|Any CPU
		{60713639-ECDE-4B65-8922-DBA50A3A755F}.Debug|Any CPU.Build.0 = Debug|Any CPU
		{60713639-ECDE-4B65-8922-DBA50A3A755F}.Release|Any CPU.ActiveCfg = Release|Any CPU
		{60713639-ECDE-4B65-8922-DBA50A3A755F}.Release|Any CPU.Build.0 = Release|Any CPU
	EndGlobalSection
	GlobalSection(SolutionProperties) = preSolution
		HideSolutionNode = FALSE
	EndGlobalSection
	GlobalSection(ExtensibilityGlobals) = postSolution
		SolutionGuid = {2ED22921-C92F-4F3E-911B-037E5625E3B2}
	EndGlobalSection
EndGlobal
